PODS:
  - FBSnapshotTestCase (2.1.4):
    - FBSnapshotTestCase/SwiftSupport (= 2.1.4)
  - FBSnapshotTestCase/Core (2.1.4)
  - FBSnapshotTestCase/SwiftSupport (2.1.4):
    - FBSnapshotTestCase/Core
  - RxCocoa (5.1.1):
    - RxRelay (~> 5)
    - RxSwift (~> 5)
  - RxMapKit (1.2.2):
    - RxCocoa
    - RxSwift
  - RxRelay (5.1.1):
    - RxSwift (~> 5)
  - RxSwift (5.1.1)

DEPENDENCIES:
  - FBSnapshotTestCase (~> 2.1.4)
  - RxMapKit (from `../`)

SPEC REPOS:
  trunk:
    - FBSnapshotTestCase
    - RxCocoa
    - RxRelay
    - RxSwift

EXTERNAL SOURCES:
  RxMapKit:
    :path: "../"

SPEC CHECKSUMS:
  FBSnapshotTestCase: 094f9f314decbabe373b87cc339bea235a63e07a
  RxCocoa: 32065309a38d29b5b0db858819b5bf9ef038b601
  RxMapKit: b62de5604680316c91055b6f06154ea7433c6751
  RxRelay: d77f7d771495f43c556cbc43eebd1bb54d01e8e9
  RxSwift: 81470a2074fa8780320ea5fe4102807cb7118178

PODFILE CHECKSUM: 8b6a9202af567f40fe691d4faab0d3617da49579

COCOAPODS: 1.10.1
