PODS:
  - RxCocoa (3.0.0):
    - RxSwift (~> 3.0)
  - RxMapKit (1.0.3):
    - RxCocoa (~> 3.0.0)
    - RxSwift (~> 3.0.0)
  - RxSwift (3.0.0)

DEPENDENCIES:
  - RxCocoa (~> 3.0.0-beta.2)
  - RxMapKit (from `./`)
  - RxSwift (~> 3.0.0-beta.2)

EXTERNAL SOURCES:
  RxMapKit:
    :path: "./"

SPEC CHECKSUMS:
  RxCocoa: 0a2f3ae381cf16f4021a4cee7a4420f83058a965
  RxMapKit: 38539c9a4df39e2ef23a68ab2674ef7599a194b6
  RxSwift: a930cd662f5b4a7ca9dc3518585dba91dadf497c

PODFILE CHECKSUM: 8b7dec3761418bb50da61e62fd190b245dc95a01

COCOAPODS: 1.1.0.rc.3
