PODS:
  - RxCocoa (4.1.2):
    - RxSwift (~> 4.0)
  - RxMapKit (1.1.0):
    - RxCocoa (~> 4.0)
    - RxSwift (~> 4.0)
  - RxSwift (4.1.2)

DEPENDENCIES:
  - RxCocoa (~> 4.0)
  - RxMapKit (from `./`)
  - RxSwift (~> 4.0)

EXTERNAL SOURCES:
  RxMapKit:
    :path: ./

SPEC CHECKSUMS:
  RxCocoa: d88ba0f1f6abf040011a9eb4b539324fc426843a
  RxMapKit: ff29cacf9f309f972219c9b02bbcbf5e13fb1c16
  RxSwift: e49536837d9901277638493ea537394d4b55f570

PODFILE CHECKSUM: 55ca7a2f5d79123cddc2477bbd72bd05a05c0942

COCOAPODS: 1.4.0

COCOAPODS DEPLOY: 0.0.11
