// !$*UTF8*$!
{
	archiveVersion = 1;
	classes = {
	};
	objectVersion = 46;
	objects = {

/* Begin PBXBuildFile section */
		40FB07A7BD9B10865AF7D1BB /* Pods_Example.framework in Frameworks */ = {isa = PBXBuildFile; fileRef = DABE9893B0582CB850E52ABB /* Pods_Example.framework */; };
		A96B8DAF1DB78DA1003BB7B6 /* RxMapKit.h in Headers */ = {isa = PBXBuildFile; fileRef = A96B8DAD1DB78DA1003BB7B6 /* RxMapKit.h */; settings = {ATTRIBUTES = (Public, ); }; };
		A96B8DB51DB78DBB003BB7B6 /* MKMapView+Rx.swift in Sources */ = {isa = PBXBuildFile; fileRef = A96B8DB31DB78DBB003BB7B6 /* MKMapView+Rx.swift */; };
		A96B8DB61DB78DBB003BB7B6 /* RxMKMapViewDelegateProxy.swift in Sources */ = {isa = PBXBuildFile; fileRef = A96B8DB41DB78DBB003BB7B6 /* RxMKMapViewDelegateProxy.swift */; };
		A96B8DB91DB79A11003BB7B6 /* RxCocoa.framework in Frameworks */ = {isa = PBXBuildFile; fileRef = A96B8DB71DB79A11003BB7B6 /* RxCocoa.framework */; };
		A96B8DBA1DB79A11003BB7B6 /* RxSwift.framework in Frameworks */ = {isa = PBXBuildFile; fileRef = A96B8DB81DB79A11003BB7B6 /* RxSwift.framework */; };
		A97879761DB482FA00E5121B /* AppDelegate.swift in Sources */ = {isa = PBXBuildFile; fileRef = A97879751DB482FA00E5121B /* AppDelegate.swift */; };
		A97879781DB482FA00E5121B /* ViewController.swift in Sources */ = {isa = PBXBuildFile; fileRef = A97879771DB482FA00E5121B /* ViewController.swift */; };
		A978797B1DB482FA00E5121B /* Main.storyboard in Resources */ = {isa = PBXBuildFile; fileRef = A97879791DB482FA00E5121B /* Main.storyboard */; };
		A978797D1DB482FA00E5121B /* Assets.xcassets in Resources */ = {isa = PBXBuildFile; fileRef = A978797C1DB482FA00E5121B /* Assets.xcassets */; };
		A97879801DB482FA00E5121B /* LaunchScreen.storyboard in Resources */ = {isa = PBXBuildFile; fileRef = A978797E1DB482FA00E5121B /* LaunchScreen.storyboard */; };
		A97879881DB48AE100E5121B /* MapKit.framework in Frameworks */ = {isa = PBXBuildFile; fileRef = A97879871DB48AE100E5121B /* MapKit.framework */; };
/* End PBXBuildFile section */

/* Begin PBXFileReference section */
		A87CA80161921C37D2137AAC /* Pods-Example.release.xcconfig */ = {isa = PBXFileReference; includeInIndex = 1; lastKnownFileType = text.xcconfig; name = "Pods-Example.release.xcconfig"; path = "Pods/Target Support Files/Pods-Example/Pods-Example.release.xcconfig"; sourceTree = "<group>"; };
		A96B8DAB1DB78DA1003BB7B6 /* RxMapKit.framework */ = {isa = PBXFileReference; explicitFileType = wrapper.framework; includeInIndex = 0; path = RxMapKit.framework; sourceTree = BUILT_PRODUCTS_DIR; };
		A96B8DAD1DB78DA1003BB7B6 /* RxMapKit.h */ = {isa = PBXFileReference; lastKnownFileType = sourcecode.c.h; path = RxMapKit.h; sourceTree = "<group>"; };
		A96B8DAE1DB78DA1003BB7B6 /* Info.plist */ = {isa = PBXFileReference; lastKnownFileType = text.plist.xml; path = Info.plist; sourceTree = "<group>"; };
		A96B8DB31DB78DBB003BB7B6 /* MKMapView+Rx.swift */ = {isa = PBXFileReference; fileEncoding = 4; lastKnownFileType = sourcecode.swift; name = "MKMapView+Rx.swift"; path = "Sources/MKMapView+Rx.swift"; sourceTree = SOURCE_ROOT; };
		A96B8DB41DB78DBB003BB7B6 /* RxMKMapViewDelegateProxy.swift */ = {isa = PBXFileReference; fileEncoding = 4; lastKnownFileType = sourcecode.swift; name = RxMKMapViewDelegateProxy.swift; path = Sources/RxMKMapViewDelegateProxy.swift; sourceTree = SOURCE_ROOT; };
		A96B8DB71DB79A11003BB7B6 /* RxCocoa.framework */ = {isa = PBXFileReference; lastKnownFileType = wrapper.framework; name = RxCocoa.framework; path = Carthage/Build/iOS/RxCocoa.framework; sourceTree = SOURCE_ROOT; };
		A96B8DB81DB79A11003BB7B6 /* RxSwift.framework */ = {isa = PBXFileReference; lastKnownFileType = wrapper.framework; name = RxSwift.framework; path = Carthage/Build/iOS/RxSwift.framework; sourceTree = SOURCE_ROOT; };
		A96B8DBB1DB79F86003BB7B6 /* RxMapKit.framework */ = {isa = PBXFileReference; lastKnownFileType = wrapper.framework; name = RxMapKit.framework; path = ../CarthagePlay/Carthage/Build/iOS/RxMapKit.framework; sourceTree = "<group>"; };
		A97879721DB482FA00E5121B /* Example.app */ = {isa = PBXFileReference; explicitFileType = wrapper.application; includeInIndex = 0; path = Example.app; sourceTree = BUILT_PRODUCTS_DIR; };
		A97879751DB482FA00E5121B /* AppDelegate.swift */ = {isa = PBXFileReference; lastKnownFileType = sourcecode.swift; path = AppDelegate.swift; sourceTree = "<group>"; };
		A97879771DB482FA00E5121B /* ViewController.swift */ = {isa = PBXFileReference; lastKnownFileType = sourcecode.swift; path = ViewController.swift; sourceTree = "<group>"; };
		A978797A1DB482FA00E5121B /* Base */ = {isa = PBXFileReference; lastKnownFileType = file.storyboard; name = Base; path = Base.lproj/Main.storyboard; sourceTree = "<group>"; };
		A978797C1DB482FA00E5121B /* Assets.xcassets */ = {isa = PBXFileReference; lastKnownFileType = folder.assetcatalog; path = Assets.xcassets; sourceTree = "<group>"; };
		A978797F1DB482FA00E5121B /* Base */ = {isa = PBXFileReference; lastKnownFileType = file.storyboard; name = Base; path = Base.lproj/LaunchScreen.storyboard; sourceTree = "<group>"; };
		A97879811DB482FA00E5121B /* Info.plist */ = {isa = PBXFileReference; lastKnownFileType = text.plist.xml; path = Info.plist; sourceTree = "<group>"; };
		A97879871DB48AE100E5121B /* MapKit.framework */ = {isa = PBXFileReference; lastKnownFileType = wrapper.framework; name = MapKit.framework; path = System/Library/Frameworks/MapKit.framework; sourceTree = SDKROOT; };
		DABE9893B0582CB850E52ABB /* Pods_Example.framework */ = {isa = PBXFileReference; explicitFileType = wrapper.framework; includeInIndex = 0; path = Pods_Example.framework; sourceTree = BUILT_PRODUCTS_DIR; };
		EB861DF38855CB0ADAD63CAC /* Pods-Example.debug.xcconfig */ = {isa = PBXFileReference; includeInIndex = 1; lastKnownFileType = text.xcconfig; name = "Pods-Example.debug.xcconfig"; path = "Pods/Target Support Files/Pods-Example/Pods-Example.debug.xcconfig"; sourceTree = "<group>"; };
/* End PBXFileReference section */

/* Begin PBXFrameworksBuildPhase section */
		A96B8DA71DB78DA1003BB7B6 /* Frameworks */ = {
			isa = PBXFrameworksBuildPhase;
			buildActionMask = 2147483647;
			files = (
				A96B8DBA1DB79A11003BB7B6 /* RxSwift.framework in Frameworks */,
				A96B8DB91DB79A11003BB7B6 /* RxCocoa.framework in Frameworks */,
			);
			runOnlyForDeploymentPostprocessing = 0;
		};
		A978796F1DB482FA00E5121B /* Frameworks */ = {
			isa = PBXFrameworksBuildPhase;
			buildActionMask = 2147483647;
			files = (
				A97879881DB48AE100E5121B /* MapKit.framework in Frameworks */,
				40FB07A7BD9B10865AF7D1BB /* Pods_Example.framework in Frameworks */,
			);
			runOnlyForDeploymentPostprocessing = 0;
		};
/* End PBXFrameworksBuildPhase section */

/* Begin PBXGroup section */
		02FF0E4D96C54D1A198D51F3 /* Pods */ = {
			isa = PBXGroup;
			children = (
				EB861DF38855CB0ADAD63CAC /* Pods-Example.debug.xcconfig */,
				A87CA80161921C37D2137AAC /* Pods-Example.release.xcconfig */,
			);
			name = Pods;
			sourceTree = "<group>";
		};
		A96B8DAC1DB78DA1003BB7B6 /* RxMapKit */ = {
			isa = PBXGroup;
			children = (
				A96B8DB71DB79A11003BB7B6 /* RxCocoa.framework */,
				A96B8DB81DB79A11003BB7B6 /* RxSwift.framework */,
				A96B8DB31DB78DBB003BB7B6 /* MKMapView+Rx.swift */,
				A96B8DB41DB78DBB003BB7B6 /* RxMKMapViewDelegateProxy.swift */,
				A96B8DAD1DB78DA1003BB7B6 /* RxMapKit.h */,
				A96B8DAE1DB78DA1003BB7B6 /* Info.plist */,
			);
			path = RxMapKit;
			sourceTree = "<group>";
		};
		A97879691DB482FA00E5121B = {
			isa = PBXGroup;
			children = (
				A97879741DB482FA00E5121B /* Example */,
				A96B8DAC1DB78DA1003BB7B6 /* RxMapKit */,
				A97879731DB482FA00E5121B /* Products */,
				02FF0E4D96C54D1A198D51F3 /* Pods */,
				AA326E058D066BDDA51499D3 /* Frameworks */,
			);
			sourceTree = "<group>";
		};
		A97879731DB482FA00E5121B /* Products */ = {
			isa = PBXGroup;
			children = (
				A97879721DB482FA00E5121B /* Example.app */,
				A96B8DAB1DB78DA1003BB7B6 /* RxMapKit.framework */,
			);
			name = Products;
			sourceTree = "<group>";
		};
		A97879741DB482FA00E5121B /* Example */ = {
			isa = PBXGroup;
			children = (
				A97879751DB482FA00E5121B /* AppDelegate.swift */,
				A97879771DB482FA00E5121B /* ViewController.swift */,
				A97879791DB482FA00E5121B /* Main.storyboard */,
				A978797C1DB482FA00E5121B /* Assets.xcassets */,
				A978797E1DB482FA00E5121B /* LaunchScreen.storyboard */,
				A97879811DB482FA00E5121B /* Info.plist */,
			);
			path = Example;
			sourceTree = "<group>";
		};
		AA326E058D066BDDA51499D3 /* Frameworks */ = {
			isa = PBXGroup;
			children = (
				A96B8DBB1DB79F86003BB7B6 /* RxMapKit.framework */,
				A97879871DB48AE100E5121B /* MapKit.framework */,
				DABE9893B0582CB850E52ABB /* Pods_Example.framework */,
			);
			name = Frameworks;
			sourceTree = "<group>";
		};
/* End PBXGroup section */

/* Begin PBXHeadersBuildPhase section */
		A96B8DA81DB78DA1003BB7B6 /* Headers */ = {
			isa = PBXHeadersBuildPhase;
			buildActionMask = 2147483647;
			files = (
				A96B8DAF1DB78DA1003BB7B6 /* RxMapKit.h in Headers */,
			);
			runOnlyForDeploymentPostprocessing = 0;
		};
/* End PBXHeadersBuildPhase section */

/* Begin PBXNativeTarget section */
		A96B8DAA1DB78DA1003BB7B6 /* RxMapKit */ = {
			isa = PBXNativeTarget;
			buildConfigurationList = A96B8DB21DB78DA1003BB7B6 /* Build configuration list for PBXNativeTarget "RxMapKit" */;
			buildPhases = (
				A96B8DA61DB78DA1003BB7B6 /* Sources */,
				A96B8DA71DB78DA1003BB7B6 /* Frameworks */,
				A96B8DA81DB78DA1003BB7B6 /* Headers */,
				A96B8DA91DB78DA1003BB7B6 /* Resources */,
			);
			buildRules = (
			);
			dependencies = (
			);
			name = RxMapKit;
			productName = RxMapKit;
			productReference = A96B8DAB1DB78DA1003BB7B6 /* RxMapKit.framework */;
			productType = "com.apple.product-type.framework";
		};
		A97879711DB482FA00E5121B /* Example */ = {
			isa = PBXNativeTarget;
			buildConfigurationList = A97879841DB482FA00E5121B /* Build configuration list for PBXNativeTarget "Example" */;
			buildPhases = (
				F14619902747D3B059E54D4C /* [CP] Check Pods Manifest.lock */,
				A978796E1DB482FA00E5121B /* Sources */,
				A978796F1DB482FA00E5121B /* Frameworks */,
				A97879701DB482FA00E5121B /* Resources */,
				238D981C88B381E49F76B728 /* [CP] Embed Pods Frameworks */,
				407D5EE25A2FBACCDCC39F5C /* [CP] Copy Pods Resources */,
			);
			buildRules = (
			);
			dependencies = (
			);
			name = Example;
			productName = RxMapKit;
			productReference = A97879721DB482FA00E5121B /* Example.app */;
			productType = "com.apple.product-type.application";
		};
/* End PBXNativeTarget section */

/* Begin PBXProject section */
		A978796A1DB482FA00E5121B /* Project object */ = {
			isa = PBXProject;
			attributes = {
				LastSwiftUpdateCheck = 0800;
				LastUpgradeCheck = 0930;
				ORGANIZATIONNAME = "Gen X Hippies Company";
				TargetAttributes = {
					A96B8DAA1DB78DA1003BB7B6 = {
						CreatedOnToolsVersion = 8.0;
						DevelopmentTeam = XH2F8QV9GT;
						LastSwiftMigration = 0800;
						ProvisioningStyle = Automatic;
					};
					A97879711DB482FA00E5121B = {
						CreatedOnToolsVersion = 8.0;
						DevelopmentTeam = D9H763FFW3;
						LastSwiftMigration = 0930;
						ProvisioningStyle = Automatic;
					};
				};
			};
			buildConfigurationList = A978796D1DB482FA00E5121B /* Build configuration list for PBXProject "RxMapKit" */;
			compatibilityVersion = "Xcode 3.2";
			developmentRegion = English;
			hasScannedForEncodings = 0;
			knownRegions = (
				en,
				Base,
			);
			mainGroup = A97879691DB482FA00E5121B;
			productRefGroup = A97879731DB482FA00E5121B /* Products */;
			projectDirPath = "";
			projectRoot = "";
			targets = (
				A97879711DB482FA00E5121B /* Example */,
				A96B8DAA1DB78DA1003BB7B6 /* RxMapKit */,
			);
		};
/* End PBXProject section */

/* Begin PBXResourcesBuildPhase section */
		A96B8DA91DB78DA1003BB7B6 /* Resources */ = {
			isa = PBXResourcesBuildPhase;
			buildActionMask = 2147483647;
			files = (
			);
			runOnlyForDeploymentPostprocessing = 0;
		};
		A97879701DB482FA00E5121B /* Resources */ = {
			isa = PBXResourcesBuildPhase;
			buildActionMask = 2147483647;
			files = (
				A97879801DB482FA00E5121B /* LaunchScreen.storyboard in Resources */,
				A978797D1DB482FA00E5121B /* Assets.xcassets in Resources */,
				A978797B1DB482FA00E5121B /* Main.storyboard in Resources */,
			);
			runOnlyForDeploymentPostprocessing = 0;
		};
/* End PBXResourcesBuildPhase section */

/* Begin PBXShellScriptBuildPhase section */
		238D981C88B381E49F76B728 /* [CP] Embed Pods Frameworks */ = {
			isa = PBXShellScriptBuildPhase;
			buildActionMask = 2147483647;
			files = (
			);
			inputPaths = (
				"${SRCROOT}/Pods/Target Support Files/Pods-Example/Pods-Example-frameworks.sh",
				"${BUILT_PRODUCTS_DIR}/RxCocoa/RxCocoa.framework",
				"${BUILT_PRODUCTS_DIR}/RxMapKit/RxMapKit.framework",
				"${BUILT_PRODUCTS_DIR}/RxSwift/RxSwift.framework",
			);
			name = "[CP] Embed Pods Frameworks";
			outputPaths = (
				"${TARGET_BUILD_DIR}/${FRAMEWORKS_FOLDER_PATH}/RxCocoa.framework",
				"${TARGET_BUILD_DIR}/${FRAMEWORKS_FOLDER_PATH}/RxMapKit.framework",
				"${TARGET_BUILD_DIR}/${FRAMEWORKS_FOLDER_PATH}/RxSwift.framework",
			);
			runOnlyForDeploymentPostprocessing = 0;
			shellPath = /bin/sh;
			shellScript = "\"${SRCROOT}/Pods/Target Support Files/Pods-Example/Pods-Example-frameworks.sh\"\n";
			showEnvVarsInLog = 0;
		};
		407D5EE25A2FBACCDCC39F5C /* [CP] Copy Pods Resources */ = {
			isa = PBXShellScriptBuildPhase;
			buildActionMask = 2147483647;
			files = (
			);
			inputPaths = (
			);
			name = "[CP] Copy Pods Resources";
			outputPaths = (
			);
			runOnlyForDeploymentPostprocessing = 0;
			shellPath = /bin/sh;
			shellScript = "\"${SRCROOT}/Pods/Target Support Files/Pods-Example/Pods-Example-resources.sh\"\n";
			showEnvVarsInLog = 0;
		};
		F14619902747D3B059E54D4C /* [CP] Check Pods Manifest.lock */ = {
			isa = PBXShellScriptBuildPhase;
			buildActionMask = 2147483647;
			files = (
			);
			inputPaths = (
				"${PODS_PODFILE_DIR_PATH}/Podfile.lock",
				"${PODS_ROOT}/Manifest.lock",
			);
			name = "[CP] Check Pods Manifest.lock";
			outputPaths = (
				"$(DERIVED_FILE_DIR)/Pods-Example-checkManifestLockResult.txt",
			);
			runOnlyForDeploymentPostprocessing = 0;
			shellPath = /bin/sh;
			shellScript = "diff \"${PODS_PODFILE_DIR_PATH}/Podfile.lock\" \"${PODS_ROOT}/Manifest.lock\" > /dev/null\nif [ $? != 0 ] ; then\n    # print error to STDERR\n    echo \"error: The sandbox is not in sync with the Podfile.lock. Run 'pod install' or update your CocoaPods installation.\" >&2\n    exit 1\nfi\n# This output is used by Xcode 'outputs' to avoid re-running this script phase.\necho \"SUCCESS\" > \"${SCRIPT_OUTPUT_FILE_0}\"\n";
			showEnvVarsInLog = 0;
		};
/* End PBXShellScriptBuildPhase section */

/* Begin PBXSourcesBuildPhase section */
		A96B8DA61DB78DA1003BB7B6 /* Sources */ = {
			isa = PBXSourcesBuildPhase;
			buildActionMask = 2147483647;
			files = (
				A96B8DB51DB78DBB003BB7B6 /* MKMapView+Rx.swift in Sources */,
				A96B8DB61DB78DBB003BB7B6 /* RxMKMapViewDelegateProxy.swift in Sources */,
			);
			runOnlyForDeploymentPostprocessing = 0;
		};
		A978796E1DB482FA00E5121B /* Sources */ = {
			isa = PBXSourcesBuildPhase;
			buildActionMask = 2147483647;
			files = (
				A97879781DB482FA00E5121B /* ViewController.swift in Sources */,
				A97879761DB482FA00E5121B /* AppDelegate.swift in Sources */,
			);
			runOnlyForDeploymentPostprocessing = 0;
		};
/* End PBXSourcesBuildPhase section */

/* Begin PBXVariantGroup section */
		A97879791DB482FA00E5121B /* Main.storyboard */ = {
			isa = PBXVariantGroup;
			children = (
				A978797A1DB482FA00E5121B /* Base */,
			);
			name = Main.storyboard;
			sourceTree = "<group>";
		};
		A978797E1DB482FA00E5121B /* LaunchScreen.storyboard */ = {
			isa = PBXVariantGroup;
			children = (
				A978797F1DB482FA00E5121B /* Base */,
			);
			name = LaunchScreen.storyboard;
			sourceTree = "<group>";
		};
/* End PBXVariantGroup section */

/* Begin XCBuildConfiguration section */
		A96B8DB01DB78DA1003BB7B6 /* Debug */ = {
			isa = XCBuildConfiguration;
			buildSettings = {
				CLANG_ENABLE_MODULES = YES;
				CODE_SIGN_IDENTITY = "";
				CURRENT_PROJECT_VERSION = 1;
				DEFINES_MODULE = YES;
				DEVELOPMENT_TEAM = XH2F8QV9GT;
				DYLIB_COMPATIBILITY_VERSION = 1;
				DYLIB_CURRENT_VERSION = 1;
				DYLIB_INSTALL_NAME_BASE = "@rpath";
				FRAMEWORK_SEARCH_PATHS = (
					"$(inherited)",
					"$(PROJECT_DIR)/Carthage/Build/iOS",
				);
				INFOPLIST_FILE = RxMapKit/Info.plist;
				INSTALL_PATH = "$(LOCAL_LIBRARY_DIR)/Frameworks";
				IPHONEOS_DEPLOYMENT_TARGET = 8.0;
				LD_RUNPATH_SEARCH_PATHS = "$(inherited) @executable_path/Frameworks @loader_path/Frameworks";
				PRODUCT_BUNDLE_IDENTIFIER = "com.oo-v.RxMapKit";
				PRODUCT_NAME = "$(TARGET_NAME)";
				SKIP_INSTALL = YES;
				SWIFT_OPTIMIZATION_LEVEL = "-Onone";
				SWIFT_VERSION = 4.0;
				VERSIONING_SYSTEM = "apple-generic";
				VERSION_INFO_PREFIX = "";
			};
			name = Debug;
		};
		A96B8DB11DB78DA1003BB7B6 /* Release */ = {
			isa = XCBuildConfiguration;
			buildSettings = {
				CLANG_ENABLE_MODULES = YES;
				CODE_SIGN_IDENTITY = "";
				CURRENT_PROJECT_VERSION = 1;
				DEFINES_MODULE = YES;
				DEVELOPMENT_TEAM = XH2F8QV9GT;
				DYLIB_COMPATIBILITY_VERSION = 1;
				DYLIB_CURRENT_VERSION = 1;
				DYLIB_INSTALL_NAME_BASE = "@rpath";
				FRAMEWORK_SEARCH_PATHS = (
					"$(inherited)",
					"$(PROJECT_DIR)/Carthage/Build/iOS",
				);
				INFOPLIST_FILE = RxMapKit/Info.plist;
				INSTALL_PATH = "$(LOCAL_LIBRARY_DIR)/Frameworks";
				IPHONEOS_DEPLOYMENT_TARGET = 8.0;
				LD_RUNPATH_SEARCH_PATHS = "$(inherited) @executable_path/Frameworks @loader_path/Frameworks";
				PRODUCT_BUNDLE_IDENTIFIER = "com.oo-v.RxMapKit";
				PRODUCT_NAME = "$(TARGET_NAME)";
				SKIP_INSTALL = YES;
				SWIFT_VERSION = 4.0;
				VERSIONING_SYSTEM = "apple-generic";
				VERSION_INFO_PREFIX = "";
			};
			name = Release;
		};
		A97879821DB482FA00E5121B /* Debug */ = {
			isa = XCBuildConfiguration;
			buildSettings = {
				ALWAYS_SEARCH_USER_PATHS = NO;
				CLANG_ANALYZER_NONNULL = YES;
				CLANG_CXX_LANGUAGE_STANDARD = "gnu++0x";
				CLANG_CXX_LIBRARY = "libc++";
				CLANG_ENABLE_MODULES = YES;
				CLANG_ENABLE_OBJC_ARC = YES;
				CLANG_WARN_BLOCK_CAPTURE_AUTORELEASING = YES;
				CLANG_WARN_BOOL_CONVERSION = YES;
				CLANG_WARN_COMMA = YES;
				CLANG_WARN_CONSTANT_CONVERSION = YES;
				CLANG_WARN_DEPRECATED_OBJC_IMPLEMENTATIONS = YES;
				CLANG_WARN_DIRECT_OBJC_ISA_USAGE = YES_ERROR;
				CLANG_WARN_DOCUMENTATION_COMMENTS = YES;
				CLANG_WARN_EMPTY_BODY = YES;
				CLANG_WARN_ENUM_CONVERSION = YES;
				CLANG_WARN_INFINITE_RECURSION = YES;
				CLANG_WARN_INT_CONVERSION = YES;
				CLANG_WARN_NON_LITERAL_NULL_CONVERSION = YES;
				CLANG_WARN_OBJC_IMPLICIT_RETAIN_SELF = YES;
				CLANG_WARN_OBJC_LITERAL_CONVERSION = YES;
				CLANG_WARN_OBJC_ROOT_CLASS = YES_ERROR;
				CLANG_WARN_RANGE_LOOP_ANALYSIS = YES;
				CLANG_WARN_STRICT_PROTOTYPES = YES;
				CLANG_WARN_SUSPICIOUS_MOVE = YES;
				CLANG_WARN_SUSPICIOUS_MOVES = YES;
				CLANG_WARN_UNREACHABLE_CODE = YES;
				CLANG_WARN__DUPLICATE_METHOD_MATCH = YES;
				"CODE_SIGN_IDENTITY[sdk=iphoneos*]" = "iPhone Developer";
				COPY_PHASE_STRIP = NO;
				DEBUG_INFORMATION_FORMAT = dwarf;
				ENABLE_STRICT_OBJC_MSGSEND = YES;
				ENABLE_TESTABILITY = YES;
				GCC_C_LANGUAGE_STANDARD = gnu99;
				GCC_DYNAMIC_NO_PIC = NO;
				GCC_NO_COMMON_BLOCKS = YES;
				GCC_OPTIMIZATION_LEVEL = 0;
				GCC_PREPROCESSOR_DEFINITIONS = (
					"DEBUG=1",
					"$(inherited)",
				);
				GCC_WARN_64_TO_32_BIT_CONVERSION = YES;
				GCC_WARN_ABOUT_RETURN_TYPE = YES_ERROR;
				GCC_WARN_UNDECLARED_SELECTOR = YES;
				GCC_WARN_UNINITIALIZED_AUTOS = YES_AGGRESSIVE;
				GCC_WARN_UNUSED_FUNCTION = YES;
				GCC_WARN_UNUSED_VARIABLE = YES;
				IPHONEOS_DEPLOYMENT_TARGET = 10.0;
				MTL_ENABLE_DEBUG_INFO = YES;
				ONLY_ACTIVE_ARCH = YES;
				SDKROOT = iphoneos;
				SWIFT_ACTIVE_COMPILATION_CONDITIONS = DEBUG;
				SWIFT_OPTIMIZATION_LEVEL = "-Onone";
				TARGETED_DEVICE_FAMILY = "1,2";
			};
			name = Debug;
		};
		A97879831DB482FA00E5121B /* Release */ = {
			isa = XCBuildConfiguration;
			buildSettings = {
				ALWAYS_SEARCH_USER_PATHS = NO;
				CLANG_ANALYZER_NONNULL = YES;
				CLANG_CXX_LANGUAGE_STANDARD = "gnu++0x";
				CLANG_CXX_LIBRARY = "libc++";
				CLANG_ENABLE_MODULES = YES;
				CLANG_ENABLE_OBJC_ARC = YES;
				CLANG_WARN_BLOCK_CAPTURE_AUTORELEASING = YES;
				CLANG_WARN_BOOL_CONVERSION = YES;
				CLANG_WARN_COMMA = YES;
				CLANG_WARN_CONSTANT_CONVERSION = YES;
				CLANG_WARN_DEPRECATED_OBJC_IMPLEMENTATIONS = YES;
				CLANG_WARN_DIRECT_OBJC_ISA_USAGE = YES_ERROR;
				CLANG_WARN_DOCUMENTATION_COMMENTS = YES;
				CLANG_WARN_EMPTY_BODY = YES;
				CLANG_WARN_ENUM_CONVERSION = YES;
				CLANG_WARN_INFINITE_RECURSION = YES;
				CLANG_WARN_INT_CONVERSION = YES;
				CLANG_WARN_NON_LITERAL_NULL_CONVERSION = YES;
				CLANG_WARN_OBJC_IMPLICIT_RETAIN_SELF = YES;
				CLANG_WARN_OBJC_LITERAL_CONVERSION = YES;
				CLANG_WARN_OBJC_ROOT_CLASS = YES_ERROR;
				CLANG_WARN_RANGE_LOOP_ANALYSIS = YES;
				CLANG_WARN_STRICT_PROTOTYPES = YES;
				CLANG_WARN_SUSPICIOUS_MOVE = YES;
				CLANG_WARN_SUSPICIOUS_MOVES = YES;
				CLANG_WARN_UNREACHABLE_CODE = YES;
				CLANG_WARN__DUPLICATE_METHOD_MATCH = YES;
				"CODE_SIGN_IDENTITY[sdk=iphoneos*]" = "iPhone Developer";
				COPY_PHASE_STRIP = NO;
				DEBUG_INFORMATION_FORMAT = "dwarf-with-dsym";
				ENABLE_NS_ASSERTIONS = NO;
				ENABLE_STRICT_OBJC_MSGSEND = YES;
				GCC_C_LANGUAGE_STANDARD = gnu99;
				GCC_NO_COMMON_BLOCKS = YES;
				GCC_WARN_64_TO_32_BIT_CONVERSION = YES;
				GCC_WARN_ABOUT_RETURN_TYPE = YES_ERROR;
				GCC_WARN_UNDECLARED_SELECTOR = YES;
				GCC_WARN_UNINITIALIZED_AUTOS = YES_AGGRESSIVE;
				GCC_WARN_UNUSED_FUNCTION = YES;
				GCC_WARN_UNUSED_VARIABLE = YES;
				IPHONEOS_DEPLOYMENT_TARGET = 10.0;
				MTL_ENABLE_DEBUG_INFO = NO;
				SDKROOT = iphoneos;
				SWIFT_OPTIMIZATION_LEVEL = "-Owholemodule";
				TARGETED_DEVICE_FAMILY = "1,2";
				VALIDATE_PRODUCT = YES;
			};
			name = Release;
		};
		A97879851DB482FA00E5121B /* Debug */ = {
			isa = XCBuildConfiguration;
			baseConfigurationReference = EB861DF38855CB0ADAD63CAC /* Pods-Example.debug.xcconfig */;
			buildSettings = {
				ASSETCATALOG_COMPILER_APPICON_NAME = AppIcon;
				DEVELOPMENT_TEAM = D9H763FFW3;
				INFOPLIST_FILE = Example/Info.plist;
				LD_RUNPATH_SEARCH_PATHS = "$(inherited) @executable_path/Frameworks";
				PRODUCT_BUNDLE_IDENTIFIER = "com.oo-v.RxMapKitExample";
				PRODUCT_NAME = "$(TARGET_NAME)";
				SWIFT_SWIFT3_OBJC_INFERENCE = Default;
				SWIFT_VERSION = 4.0;
			};
			name = Debug;
		};
		A97879861DB482FA00E5121B /* Release */ = {
			isa = XCBuildConfiguration;
			baseConfigurationReference = A87CA80161921C37D2137AAC /* Pods-Example.release.xcconfig */;
			buildSettings = {
				ASSETCATALOG_COMPILER_APPICON_NAME = AppIcon;
				DEVELOPMENT_TEAM = D9H763FFW3;
				INFOPLIST_FILE = Example/Info.plist;
				LD_RUNPATH_SEARCH_PATHS = "$(inherited) @executable_path/Frameworks";
				PRODUCT_BUNDLE_IDENTIFIER = "com.oo-v.RxMapKitExample";
				PRODUCT_NAME = "$(TARGET_NAME)";
				SWIFT_SWIFT3_OBJC_INFERENCE = Default;
				SWIFT_VERSION = 4.0;
			};
			name = Release;
		};
/* End XCBuildConfiguration section */

/* Begin XCConfigurationList section */
		A96B8DB21DB78DA1003BB7B6 /* Build configuration list for PBXNativeTarget "RxMapKit" */ = {
			isa = XCConfigurationList;
			buildConfigurations = (
				A96B8DB01DB78DA1003BB7B6 /* Debug */,
				A96B8DB11DB78DA1003BB7B6 /* Release */,
			);
			defaultConfigurationIsVisible = 0;
			defaultConfigurationName = Release;
		};
		A978796D1DB482FA00E5121B /* Build configuration list for PBXProject "RxMapKit" */ = {
			isa = XCConfigurationList;
			buildConfigurations = (
				A97879821DB482FA00E5121B /* Debug */,
				A97879831DB482FA00E5121B /* Release */,
			);
			defaultConfigurationIsVisible = 0;
			defaultConfigurationName = Release;
		};
		A97879841DB482FA00E5121B /* Build configuration list for PBXNativeTarget "Example" */ = {
			isa = XCConfigurationList;
			buildConfigurations = (
				A97879851DB482FA00E5121B /* Debug */,
				A97879861DB482FA00E5121B /* Release */,
			);
			defaultConfigurationIsVisible = 0;
			defaultConfigurationName = Release;
		};
/* End XCConfigurationList section */
	};
	rootObject = A978796A1DB482FA00E5121B /* Project object */;
}
